// !$*UTF8*$!
{
	archiveVersion = 1;
	classes = {
	};
	objectVersion = 56;
	objects = {

/* Begin PBXBuildFile section */
		34A2D4132CBAD64B009CF196 /* SwiftTestApp.swift in Sources */ = {isa = PBXBuildFile; fileRef = 34A2D4122CBAD64B009CF196 /* SwiftTestApp.swift */; };
		34A2D4152CBAD64B009CF196 /* ContentView.swift in Sources */ = {isa = PBXBuildFile; fileRef = 34A2D4142CBAD64B009CF196 /* ContentView.swift */; };
		34A2D4172CBAD64E009CF196 /* Assets.xcassets in Resources */ = {isa = PBXBuildFile; fileRef = 34A2D4162CBAD64E009CF196 /* Assets.xcassets */; };
		34A2D41A2CBAD64E009CF196 /* Preview Assets.xcassets in Resources */ = {isa = PBXBuildFile; fileRef = 34A2D4192CBAD64E009CF196 /* Preview Assets.xcassets */; };
		34A2D4242CBAD64F009CF196 /* SwiftTestTests.swift in Sources */ = {isa = PBXBuildFile; fileRef = 34A2D4232CBAD64F009CF196 /* SwiftTestTests.swift */; };
		34A2D42E2CBAD64F009CF196 /* SwiftTestUITests.swift in Sources */ = {isa = PBXBuildFile; fileRef = 34A2D42D2CBAD64F009CF196 /* SwiftTestUITests.swift */; };
		34A2D4302CBAD64F009CF196 /* SwiftTestUITestsLaunchTests.swift in Sources */ = {isa = PBXBuildFile; fileRef = 34A2D42F2CBAD64F009CF196 /* SwiftTestUITestsLaunchTests.swift */; };
/* End PBXBuildFile section */

/* Begin PBXContainerItemProxy section */
		34A2D4202CBAD64F009CF196 /* PBXContainerItemProxy */ = {
			isa = PBXContainerItemProxy;
			containerPortal = 34A2D4072CBAD64B009CF196 /* Project object */;
			proxyType = 1;
			remoteGlobalIDString = 34A2D40E2CBAD64B009CF196;
			remoteInfo = SwiftTest;
		};
		34A2D42A2CBAD64F009CF196 /* PBXContainerItemProxy */ = {
			isa = PBXContainerItemProxy;
			containerPortal = 34A2D4072CBAD64B009CF196 /* Project object */;
			proxyType = 1;
			remoteGlobalIDString = 34A2D40E2CBAD64B009CF196;
			remoteInfo = SwiftTest;
		};
/* End PBXContainerItemProxy section */

/* Begin PBXFileReference section */
		34A2D40F2CBAD64B009CF196 /* SwiftTest.app */ = {isa = PBXFileReference; explicitFileType = wrapper.application; includeInIndex = 0; path = SwiftTest.app; sourceTree = BUILT_PRODUCTS_DIR; };
		34A2D4122CBAD64B009CF196 /* SwiftTestApp.swift */ = {isa = PBXFileReference; lastKnownFileType = sourcecode.swift; path = SwiftTestApp.swift; sourceTree = "<group>"; };
		34A2D4142CBAD64B009CF196 /* ContentView.swift */ = {isa = PBXFileReference; lastKnownFileType = sourcecode.swift; path = ContentView.swift; sourceTree = "<group>"; };
		34A2D4162CBAD64E009CF196 /* Assets.xcassets */ = {isa = PBXFileReference; lastKnownFileType = folder.assetcatalog; path = Assets.xcassets; sourceTree = "<group>"; };
		34A2D4192CBAD64E009CF196 /* Preview Assets.xcassets */ = {isa = PBXFileReference; lastKnownFileType = folder.assetcatalog; path = "Preview Assets.xcassets"; sourceTree = "<group>"; };
		34A2D41F2CBAD64F009CF196 /* SwiftTestTests.xctest */ = {isa = PBXFileReference; explicitFileType = wrapper.cfbundle; includeInIndex = 0; path = SwiftTestTests.xctest; sourceTree = BUILT_PRODUCTS_DIR; };
		34A2D4232CBAD64F009CF196 /* SwiftTestTests.swift */ = {isa = PBXFileReference; lastKnownFileType = sourcecode.swift; path = SwiftTestTests.swift; sourceTree = "<group>"; };
		34A2D4292CBAD64F009CF196 /* SwiftTestUITests.xctest */ = {isa = PBXFileReference; explicitFileType = wrapper.cfbundle; includeInIndex = 0; path = SwiftTestUITests.xctest; sourceTree = BUILT_PRODUCTS_DIR; };
		34A2D42D2CBAD64F009CF196 /* SwiftTestUITests.swift */ = {isa = PBXFileReference; lastKnownFileType = sourcecode.swift; path = SwiftTestUITests.swift; sourceTree = "<group>"; };
		34A2D42F2CBAD64F009CF196 /* SwiftTestUITestsLaunchTests.swift */ = {isa = PBXFileReference; lastKnownFileType = sourcecode.swift; path = SwiftTestUITestsLaunchTests.swift; sourceTree = "<group>"; };
/* End PBXFileReference section */

/* Begin PBXFrameworksBuildPhase section */
		34A2D40C2CBAD64B009CF196 /* Frameworks */ = {
			isa = PBXFrameworksBuildPhase;
			buildActionMask = 2147483647;
			files = (
			);
			runOnlyForDeploymentPostprocessing = 0;
		};
		34A2D41C2CBAD64F009CF196 /* Frameworks */ = {
			isa = PBXFrameworksBuildPhase;
			buildActionMask = 2147483647;
			files = (
			);
			runOnlyForDeploymentPostprocessing = 0;
		};
		34A2D4262CBAD64F009CF196 /* Frameworks */ = {
			isa = PBXFrameworksBuildPhase;
			buildActionMask = 2147483647;
			files = (
			);
			runOnlyForDeploymentPostprocessing = 0;
		};
/* End PBXFrameworksBuildPhase section */

/* Begin PBXGroup section */
		34A2D4062CBAD64B009CF196 = {
			isa = PBXGroup;
			children = (
				34A2D4112CBAD64B009CF196 /* SwiftTest */,
				34A2D4222CBAD64F009CF196 /* SwiftTestTests */,
				34A2D42C2CBAD64F009CF196 /* SwiftTestUITests */,
				34A2D4102CBAD64B009CF196 /* Products */,
			);
			sourceTree = "<group>";
		};
		34A2D4102CBAD64B009CF196 /* Products */ = {
			isa = PBXGroup;
			children = (
				34A2D40F2CBAD64B009CF196 /* SwiftTest.app */,
				34A2D41F2CBAD64F009CF196 /* SwiftTestTests.xctest */,
				34A2D4292CBAD64F009CF196 /* SwiftTestUITests.xctest */,
			);
			name = Products;
			sourceTree = "<group>";
		};
		34A2D4112CBAD64B009CF196 /* SwiftTest */ = {
			isa = PBXGroup;
			children = (
				34A2D4122CBAD64B009CF196 /* SwiftTestApp.swift */,
				34A2D4142CBAD64B009CF196 /* ContentView.swift */,
				34A2D4162CBAD64E009CF196 /* Assets.xcassets */,
				34A2D4182CBAD64E009CF196 /* Preview Content */,
			);
			path = SwiftTest;
			sourceTree = "<group>";
		};
		34A2D4182CBAD64E009CF196 /* Preview Content */ = {
			isa = PBXGroup;
			children = (
				34A2D4192CBAD64E009CF196 /* Preview Assets.xcassets */,
			);
			path = "Preview Content";
			sourceTree = "<group>";
		};
		34A2D4222CBAD64F009CF196 /* SwiftTestTests */ = {
			isa = PBXGroup;
			children = (
				34A2D4232CBAD64F009CF196 /* SwiftTestTests.swift */,
			);
			path = SwiftTestTests;
			sourceTree = "<group>";
		};
		34A2D42C2CBAD64F009CF196 /* SwiftTestUITests */ = {
			isa = PBXGroup;
			children = (
				34A2D42D2CBAD64F009CF196 /* SwiftTestUITests.swift */,
				34A2D42F2CBAD64F009CF196 /* SwiftTestUITestsLaunchTests.swift */,
			);
			path = SwiftTestUITests;
			sourceTree = "<group>";
		};
/* End PBXGroup section */

/* Begin PBXNativeTarget section */
		34A2D40E2CBAD64B009CF196 /* SwiftTest */ = {
			isa = PBXNativeTarget;
			buildConfigurationList = 34A2D4332CBAD64F009CF196 /* Build configuration list for PBXNativeTarget "SwiftTest" */;
			buildPhases = (
				34A2D40B2CBAD64B009CF196 /* Sources */,
				34A2D40C2CBAD64B009CF196 /* Frameworks */,
				34A2D40D2CBAD64B009CF196 /* Resources */,
			);
			buildRules = (
			);
			dependencies = (
			);
			name = SwiftTest;
			productName = SwiftTest;
			productReference = 34A2D40F2CBAD64B009CF196 /* SwiftTest.app */;
			productType = "com.apple.product-type.application";
		};
		34A2D41E2CBAD64F009CF196 /* SwiftTestTests */ = {
			isa = PBXNativeTarget;
			buildConfigurationList = 34A2D4362CBAD64F009CF196 /* Build configuration list for PBXNativeTarget "SwiftTestTests" */;
			buildPhases = (
				34A2D41B2CBAD64F009CF196 /* Sources */,
				34A2D41C2CBAD64F009CF196 /* Frameworks */,
				34A2D41D2CBAD64F009CF196 /* Resources */,
			);
			buildRules = (
			);
			dependencies = (
				34A2D4212CBAD64F009CF196 /* PBXTargetDependency */,
			);
			name = SwiftTestTests;
			productName = SwiftTestTests;
			productReference = 34A2D41F2CBAD64F009CF196 /* SwiftTestTests.xctest */;
			productType = "com.apple.product-type.bundle.unit-test";
		};
		34A2D4282CBAD64F009CF196 /* SwiftTestUITests */ = {
			isa = PBXNativeTarget;
			buildConfigurationList = 34A2D4392CBAD64F009CF196 /* Build configuration list for PBXNativeTarget "SwiftTestUITests" */;
			buildPhases = (
				34A2D4252CBAD64F009CF196 /* Sources */,
				34A2D4262CBAD64F009CF196 /* Frameworks */,
				34A2D4272CBAD64F009CF196 /* Resources */,
			);
			buildRules = (
			);
			dependencies = (
				34A2D42B2CBAD64F009CF196 /* PBXTargetDependency */,
			);
			name = SwiftTestUITests;
			productName = SwiftTestUITests;
			productReference = 34A2D4292CBAD64F009CF196 /* SwiftTestUITests.xctest */;
			productType = "com.apple.product-type.bundle.ui-testing";
		};
/* End PBXNativeTarget section */

/* Begin PBXProject section */
		34A2D4072CBAD64B009CF196 /* Project object */ = {
			isa = PBXProject;
			attributes = {
				BuildIndependentTargetsInParallel = 1;
				LastSwiftUpdateCheck = 1540;
				LastUpgradeCheck = 1540;
				TargetAttributes = {
					34A2D40E2CBAD64B009CF196 = {
						CreatedOnToolsVersion = 15.4;
					};
					34A2D41E2CBAD64F009CF196 = {
						CreatedOnToolsVersion = 15.4;
						TestTargetID = 34A2D40E2CBAD64B009CF196;
					};
					34A2D4282CBAD64F009CF196 = {
						CreatedOnToolsVersion = 15.4;
						TestTargetID = 34A2D40E2CBAD64B009CF196;
					};
				};
			};
			buildConfigurationList = 34A2D40A2CBAD64B009CF196 /* Build configuration list for PBXProject "SwiftTest" */;
			compatibilityVersion = "Xcode 14.0";
			developmentRegion = en;
			hasScannedForEncodings = 0;
			knownRegions = (
				en,
				Base,
			);
			mainGroup = 34A2D4062CBAD64B009CF196;
			productRefGroup = 34A2D4102CBAD64B009CF196 /* Products */;
			projectDirPath = "";
			projectRoot = "";
			targets = (
				34A2D40E2CBAD64B009CF196 /* SwiftTest */,
				34A2D41E2CBAD64F009CF196 /* SwiftTestTests */,
				34A2D4282CBAD64F009CF196 /* SwiftTestUITests */,
			);
		};
/* End PBXProject section */

/* Begin PBXResourcesBuildPhase section */
		34A2D40D2CBAD64B009CF196 /* Resources */ = {
			isa = PBXResourcesBuildPhase;
			buildActionMask = 2147483647;
			files = (
				34A2D41A2CBAD64E009CF196 /* Preview Assets.xcassets in Resources */,
				34A2D4172CBAD64E009CF196 /* Assets.xcassets in Resources */,
			);
			runOnlyForDeploymentPostprocessing = 0;
		};
		34A2D41D2CBAD64F009CF196 /* Resources */ = {
			isa = PBXResourcesBuildPhase;
			buildActionMask = 2147483647;
			files = (
			);
			runOnlyForDeploymentPostprocessing = 0;
		};
		34A2D4272CBAD64F009CF196 /* Resources */ = {
			isa = PBXResourcesBuildPhase;
			buildActionMask = 2147483647;
			files = (
			);
			runOnlyForDeploymentPostprocessing = 0;
		};
/* End PBXResourcesBuildPhase section */

/* Begin PBXSourcesBuildPhase section */
		34A2D40B2CBAD64B009CF196 /* Sources */ = {
			isa = PBXSourcesBuildPhase;
			buildActionMask = 2147483647;
			files = (
				34A2D4152CBAD64B009CF196 /* ContentView.swift in Sources */,
				34A2D4132CBAD64B009CF196 /* SwiftTestApp.swift in Sources */,
			);
			runOnlyForDeploymentPostprocessing = 0;
		};
		34A2D41B2CBAD64F009CF196 /* Sources */ = {
			isa = PBXSourcesBuildPhase;
			buildActionMask = 2147483647;
			files = (
				34A2D4242CBAD64F009CF196 /* SwiftTestTests.swift in Sources */,
			);
			runOnlyForDeploymentPostprocessing = 0;
		};
		34A2D4252CBAD64F009CF196 /* Sources */ = {
			isa = PBXSourcesBuildPhase;
			buildActionMask = 2147483647;
			files = (
				34A2D4302CBAD64F009CF196 /* SwiftTestUITestsLaunchTests.swift in Sources */,
				34A2D42E2CBAD64F009CF196 /* SwiftTestUITests.swift in Sources */,
			);
			runOnlyForDeploymentPostprocessing = 0;
		};
/* End PBXSourcesBuildPhase section */

/* Begin PBXTargetDependency section */
		34A2D4212CBAD64F009CF196 /* PBXTargetDependency */ = {
			isa = PBXTargetDependency;
			target = 34A2D40E2CBAD64B009CF196 /* SwiftTest */;
			targetProxy = 34A2D4202CBAD64F009CF196 /* PBXContainerItemProxy */;
		};
		34A2D42B2CBAD64F009CF196 /* PBXTargetDependency */ = {
			isa = PBXTargetDependency;
			target = 34A2D40E2CBAD64B009CF196 /* SwiftTest */;
			targetProxy = 34A2D42A2CBAD64F009CF196 /* PBXContainerItemProxy */;
		};
/* End PBXTargetDependency section */

/* Begin XCBuildConfiguration section */
		34A2D4312CBAD64F009CF196 /* Debug */ = {
			isa = XCBuildConfiguration;
			buildSettings = {
				ALWAYS_SEARCH_USER_PATHS = NO;
				ASSETCATALOG_COMPILER_GENERATE_SWIFT_ASSET_SYMBOL_EXTENSIONS = YES;
				CLANG_ANALYZER_NONNULL = YES;
				CLANG_ANALYZER_NUMBER_OBJECT_CONVERSION = YES_AGGRESSIVE;
				CLANG_CXX_LANGUAGE_STANDARD = "gnu++20";
				CLANG_ENABLE_MODULES = YES;
				CLANG_ENABLE_OBJC_ARC = YES;
				CLANG_ENABLE_OBJC_WEAK = YES;
				CLANG_WARN_BLOCK_CAPTURE_AUTORELEASING = YES;
				CLANG_WARN_BOOL_CONVERSION = YES;
				CLANG_WARN_COMMA = YES;
				CLANG_WARN_CONSTANT_CONVERSION = YES;
				CLANG_WARN_DEPRECATED_OBJC_IMPLEMENTATIONS = YES;
				CLANG_WARN_DIRECT_OBJC_ISA_USAGE = YES_ERROR;
				CLANG_WARN_DOCUMENTATION_COMMENTS = YES;
				CLANG_WARN_EMPTY_BODY = YES;
				CLANG_WARN_ENUM_CONVERSION = YES;
				CLANG_WARN_INFINITE_RECURSION = YES;
				CLANG_WARN_INT_CONVERSION = YES;
				CLANG_WARN_NON_LITERAL_NULL_CONVERSION = YES;
				CLANG_WARN_OBJC_IMPLICIT_RETAIN_SELF = YES;
				CLANG_WARN_OBJC_LITERAL_CONVERSION = YES;
				CLANG_WARN_OBJC_ROOT_CLASS = YES_ERROR;
				CLANG_WARN_QUOTED_INCLUDE_IN_FRAMEWORK_HEADER = YES;
				CLANG_WARN_RANGE_LOOP_ANALYSIS = YES;
				CLANG_WARN_STRICT_PROTOTYPES = YES;
				CLANG_WARN_SUSPICIOUS_MOVE = YES;
				CLANG_WARN_UNGUARDED_AVAILABILITY = YES_AGGRESSIVE;
				CLANG_WARN_UNREACHABLE_CODE = YES;
				CLANG_WARN__DUPLICATE_METHOD_MATCH = YES;
				COPY_PHASE_STRIP = NO;
				DEBUG_INFORMATION_FORMAT = dwarf;
				ENABLE_STRICT_OBJC_MSGSEND = YES;
				ENABLE_TESTABILITY = YES;
				ENABLE_USER_SCRIPT_SANDBOXING = YES;
				GCC_C_LANGUAGE_STANDARD = gnu17;
				GCC_DYNAMIC_NO_PIC = NO;
				GCC_NO_COMMON_BLOCKS = YES;
				GCC_OPTIMIZATION_LEVEL = 0;
				GCC_PREPROCESSOR_DEFINITIONS = (
					"DEBUG=1",
					"$(inherited)",
				);
				GCC_WARN_64_TO_32_BIT_CONVERSION = YES;
				GCC_WARN_ABOUT_RETURN_TYPE = YES_ERROR;
				GCC_WARN_UNDECLARED_SELECTOR = YES;
				GCC_WARN_UNINITIALIZED_AUTOS = YES_AGGRESSIVE;
				GCC_WARN_UNUSED_FUNCTION = YES;
				GCC_WARN_UNUSED_VARIABLE = YES;
				IPHONEOS_DEPLOYMENT_TARGET = 17.5;
				LOCALIZATION_PREFERS_STRING_CATALOGS = YES;
				MTL_ENABLE_DEBUG_INFO = INCLUDE_SOURCE;
				MTL_FAST_MATH = YES;
				ONLY_ACTIVE_ARCH = YES;
				SDKROOT = iphoneos;
				SWIFT_ACTIVE_COMPILATION_CONDITIONS = "DEBUG $(inherited)";
				SWIFT_OPTIMIZATION_LEVEL = "-Onone";
			};
			name = Debug;
		};
		34A2D4322CBAD64F009CF196 /* Release */ = {
			isa = XCBuildConfiguration;
			buildSettings = {
				ALWAYS_SEARCH_USER_PATHS = NO;
				ASSETCATALOG_COMPILER_GENERATE_SWIFT_ASSET_SYMBOL_EXTENSIONS = YES;
				CLANG_ANALYZER_NONNULL = YES;
				CLANG_ANALYZER_NUMBER_OBJECT_CONVERSION = YES_AGGRESSIVE;
				CLANG_CXX_LANGUAGE_STANDARD = "gnu++20";
				CLANG_ENABLE_MODULES = YES;
				CLANG_ENABLE_OBJC_ARC = YES;
				CLANG_ENABLE_OBJC_WEAK = YES;
				CLANG_WARN_BLOCK_CAPTURE_AUTORELEASING = YES;
				CLANG_WARN_BOOL_CONVERSION = YES;
				CLANG_WARN_COMMA = YES;
				CLANG_WARN_CONSTANT_CONVERSION = YES;
				CLANG_WARN_DEPRECATED_OBJC_IMPLEMENTATIONS = YES;
				CLANG_WARN_DIRECT_OBJC_ISA_USAGE = YES_ERROR;
				CLANG_WARN_DOCUMENTATION_COMMENTS = YES;
				CLANG_WARN_EMPTY_BODY = YES;
				CLANG_WARN_ENUM_CONVERSION = YES;
				CLANG_WARN_INFINITE_RECURSION = YES;
				CLANG_WARN_INT_CONVERSION = YES;
				CLANG_WARN_NON_LITERAL_NULL_CONVERSION = YES;
				CLANG_WARN_OBJC_IMPLICIT_RETAIN_SELF = YES;
				CLANG_WARN_OBJC_LITERAL_CONVERSION = YES;
				CLANG_WARN_OBJC_ROOT_CLASS = YES_ERROR;
				CLANG_WARN_QUOTED_INCLUDE_IN_FRAMEWORK_HEADER = YES;
				CLANG_WARN_RANGE_LOOP_ANALYSIS = YES;
				CLANG_WARN_STRICT_PROTOTYPES = YES;
				CLANG_WARN_SUSPICIOUS_MOVE = YES;
				CLANG_WARN_UNGUARDED_AVAILABILITY = YES_AGGRESSIVE;
				CLANG_WARN_UNREACHABLE_CODE = YES;
				CLANG_WARN__DUPLICATE_METHOD_MATCH = YES;
				COPY_PHASE_STRIP = NO;
				DEBUG_INFORMATION_FORMAT = "dwarf-with-dsym";
				ENABLE_NS_ASSERTIONS = NO;
				ENABLE_STRICT_OBJC_MSGSEND = YES;
				ENABLE_USER_SCRIPT_SANDBOXING = YES;
				GCC_C_LANGUAGE_STANDARD = gnu17;
				GCC_NO_COMMON_BLOCKS = YES;
				GCC_WARN_64_TO_32_BIT_CONVERSION = YES;
				GCC_WARN_ABOUT_RETURN_TYPE = YES_ERROR;
				GCC_WARN_UNDECLARED_SELECTOR = YES;
				GCC_WARN_UNINITIALIZED_AUTOS = YES_AGGRESSIVE;
				GCC_WARN_UNUSED_FUNCTION = YES;
				GCC_WARN_UNUSED_VARIABLE = YES;
				IPHONEOS_DEPLOYMENT_TARGET = 17.5;
				LOCALIZATION_PREFERS_STRING_CATALOGS = YES;
				MTL_ENABLE_DEBUG_INFO = NO;
				MTL_FAST_MATH = YES;
				SDKROOT = iphoneos;
				SWIFT_COMPILATION_MODE = wholemodule;
				VALIDATE_PRODUCT = YES;
			};
			name = Release;
		};
		34A2D4342CBAD64F009CF196 /* Debug */ = {
			isa = XCBuildConfiguration;
			buildSettings = {
				ASSETCATALOG_COMPILER_APPICON_NAME = AppIcon;
				ASSETCATALOG_COMPILER_GLOBAL_ACCENT_COLOR_NAME = AccentColor;
				CODE_SIGN_STYLE = Automatic;
				CURRENT_PROJECT_VERSION = 1;
				DEVELOPMENT_ASSET_PATHS = "\"SwiftTest/Preview Content\"";
				DEVELOPMENT_TEAM = 3ATXW43MG6;
				ENABLE_PREVIEWS = YES;
				GENERATE_INFOPLIST_FILE = YES;
				INFOPLIST_KEY_UIApplicationSceneManifest_Generation = YES;
				INFOPLIST_KEY_UIApplicationSupportsIndirectInputEvents = YES;
				INFOPLIST_KEY_UILaunchScreen_Generation = YES;
				INFOPLIST_KEY_UISupportedInterfaceOrientations_iPad = "UIInterfaceOrientationPortrait UIInterfaceOrientationPortraitUpsideDown UIInterfaceOrientationLandscapeLeft UIInterfaceOrientationLandscapeRight";
				INFOPLIST_KEY_UISupportedInterfaceOrientations_iPhone = "UIInterfaceOrientationPortrait UIInterfaceOrientationLandscapeLeft UIInterfaceOrientationLandscapeRight";
				LD_RUNPATH_SEARCH_PATHS = (
					"$(inherited)",
					"@executable_path/Frameworks",
				);
				MARKETING_VERSION = 1.0;
				PRODUCT_BUNDLE_IDENTIFIER = com.prongbang.SwiftTest;
				PRODUCT_NAME = "$(TARGET_NAME)";
				SWIFT_EMIT_LOC_STRINGS = YES;
				SWIFT_VERSION = 5.0;
				TARGETED_DEVICE_FAMILY = "1,2";
			};
			name = Debug;
		};
		34A2D4352CBAD64F009CF196 /* Release */ = {
			isa = XCBuildConfiguration;
			buildSettings = {
				ASSETCATALOG_COMPILER_APPICON_NAME = AppIcon;
				ASSETCATALOG_COMPILER_GLOBAL_ACCENT_COLOR_NAME = AccentColor;
				CODE_SIGN_STYLE = Automatic;
				CURRENT_PROJECT_VERSION = 1;
				DEVELOPMENT_ASSET_PATHS = "\"SwiftTest/Preview Content\"";
				DEVELOPMENT_TEAM = 3ATXW43MG6;
				ENABLE_PREVIEWS = YES;
				GENERATE_INFOPLIST_FILE = YES;
				INFOPLIST_KEY_UIApplicationSceneManifest_Generation = YES;
				INFOPLIST_KEY_UIApplicationSupportsIndirectInputEvents = YES;
				INFOPLIST_KEY_UILaunchScreen_Generation = YES;
				INFOPLIST_KEY_UISupportedInterfaceOrientations_iPad = "UIInterfaceOrientationPortrait UIInterfaceOrientationPortraitUpsideDown UIInterfaceOrientationLandscapeLeft UIInterfaceOrientationLandscapeRight";
				INFOPLIST_KEY_UISupportedInterfaceOrientations_iPhone = "UIInterfaceOrientationPortrait UIInterfaceOrientationLandscapeLeft UIInterfaceOrientationLandscapeRight";
				LD_RUNPATH_SEARCH_PATHS = (
					"$(inherited)",
					"@executable_path/Frameworks",
				);
				MARKETING_VERSION = 1.0;
				PRODUCT_BUNDLE_IDENTIFIER = com.prongbang.SwiftTest;
				PRODUCT_NAME = "$(TARGET_NAME)";
				SWIFT_EMIT_LOC_STRINGS = YES;
				SWIFT_VERSION = 5.0;
				TARGETED_DEVICE_FAMILY = "1,2";
			};
			name = Release;
		};
		34A2D4372CBAD64F009CF196 /* Debug */ = {
			isa = XCBuildConfiguration;
			buildSettings = {
				ALWAYS_EMBED_SWIFT_STANDARD_LIBRARIES = YES;
				BUNDLE_LOADER = "$(TEST_HOST)";
				CODE_SIGN_STYLE = Automatic;
				CURRENT_PROJECT_VERSION = 1;
				DEVELOPMENT_TEAM = 3ATXW43MG6;
				GENERATE_INFOPLIST_FILE = YES;
				IPHONEOS_DEPLOYMENT_TARGET = 17.5;
				MARKETING_VERSION = 1.0;
				PRODUCT_BUNDLE_IDENTIFIER = com.prongbang.SwiftTestTests;
				PRODUCT_NAME = "$(TARGET_NAME)";
				SWIFT_EMIT_LOC_STRINGS = NO;
				SWIFT_VERSION = 5.0;
				TARGETED_DEVICE_FAMILY = "1,2";
				TEST_HOST = "$(BUILT_PRODUCTS_DIR)/SwiftTest.app/$(BUNDLE_EXECUTABLE_FOLDER_PATH)/SwiftTest";
			};
			name = Debug;
		};
		34A2D4382CBAD64F009CF196 /* Release */ = {
			isa = XCBuildConfiguration;
			buildSettings = {
				ALWAYS_EMBED_SWIFT_STANDARD_LIBRARIES = YES;
				BUNDLE_LOADER = "$(TEST_HOST)";
				CODE_SIGN_STYLE = Automatic;
				CURRENT_PROJECT_VERSION = 1;
				DEVELOPMENT_TEAM = 3ATXW43MG6;
				GENERATE_INFOPLIST_FILE = YES;
				IPHONEOS_DEPLOYMENT_TARGET = 17.5;
				MARKETING_VERSION = 1.0;
				PRODUCT_BUNDLE_IDENTIFIER = com.prongbang.SwiftTestTests;
				PRODUCT_NAME = "$(TARGET_NAME)";
				SWIFT_EMIT_LOC_STRINGS = NO;
				SWIFT_VERSION = 5.0;
				TARGETED_DEVICE_FAMILY = "1,2";
				TEST_HOST = "$(BUILT_PRODUCTS_DIR)/SwiftTest.app/$(BUNDLE_EXECUTABLE_FOLDER_PATH)/SwiftTest";
			};
			name = Release;
		};
		34A2D43A2CBAD64F009CF196 /* Debug */ = {
			isa = XCBuildConfiguration;
			buildSettings = {
				ALWAYS_EMBED_SWIFT_STANDARD_LIBRARIES = YES;
				CODE_SIGN_STYLE = Automatic;
				CURRENT_PROJECT_VERSION = 1;
				DEVELOPMENT_TEAM = 3ATXW43MG6;
				GENERATE_INFOPLIST_FILE = YES;
				MARKETING_VERSION = 1.0;
				PRODUCT_BUNDLE_IDENTIFIER = com.prongbang.SwiftTestUITests;
				PRODUCT_NAME = "$(TARGET_NAME)";
				SWIFT_EMIT_LOC_STRINGS = NO;
				SWIFT_VERSION = 5.0;
				TARGETED_DEVICE_FAMILY = "1,2";
				TEST_TARGET_NAME = SwiftTest;
			};
			name = Debug;
		};
		34A2D43B2CBAD64F009CF196 /* Release */ = {
			isa = XCBuildConfiguration;
			buildSettings = {
				ALWAYS_EMBED_SWIFT_STANDARD_LIBRARIES = YES;
				CODE_SIGN_STYLE = Automatic;
				CURRENT_PROJECT_VERSION = 1;
				DEVELOPMENT_TEAM = 3ATXW43MG6;
				GENERATE_INFOPLIST_FILE = YES;
				MARKETING_VERSION = 1.0;
				PRODUCT_BUNDLE_IDENTIFIER = com.prongbang.SwiftTestUITests;
				PRODUCT_NAME = "$(TARGET_NAME)";
				SWIFT_EMIT_LOC_STRINGS = NO;
				SWIFT_VERSION = 5.0;
				TARGETED_DEVICE_FAMILY = "1,2";
				TEST_TARGET_NAME = SwiftTest;
			};
			name = Release;
		};
/* End XCBuildConfiguration section */

/* Begin XCConfigurationList section */
		34A2D40A2CBAD64B009CF196 /* Build configuration list for PBXProject "SwiftTest" */ = {
			isa = XCConfigurationList;
			buildConfigurations = (
				34A2D4312CBAD64F009CF196 /* Debug */,
				34A2D4322CBAD64F009CF196 /* Release */,
			);
			defaultConfigurationIsVisible = 0;
			defaultConfigurationName = Release;
		};
		34A2D4332CBAD64F009CF196 /* Build configuration list for PBXNativeTarget "SwiftTest" */ = {
			isa = XCConfigurationList;
			buildConfigurations = (
				34A2D4342CBAD64F009CF196 /* Debug */,
				34A2D4352CBAD64F009CF196 /* Release */,
			);
			defaultConfigurationIsVisible = 0;
			defaultConfigurationName = Release;
		};
		34A2D4362CBAD64F009CF196 /* Build configuration list for PBXNativeTarget "SwiftTestTests" */ = {
			isa = XCConfigurationList;
			buildConfigurations = (
				34A2D4372CBAD64F009CF196 /* Debug */,
				34A2D4382CBAD64F009CF196 /* Release */,
			);
			defaultConfigurationIsVisible = 0;
			defaultConfigurationName = Release;
		};
		34A2D4392CBAD64F009CF196 /* Build configuration list for PBXNativeTarget "SwiftTestUITests" */ = {
			isa = XCConfigurationList;
			buildConfigurations = (
				34A2D43A2CBAD64F009CF196 /* Debug */,
				34A2D43B2CBAD64F009CF196 /* Release */,
			);
			defaultConfigurationIsVisible = 0;
			defaultConfigurationName = Release;
		};
/* End XCConfigurationList section */
	};
	rootObject = 34A2D4072CBAD64B009CF196 /* Project object */;
}
